{
  "nodes": {
    "nixpkgs": {
      "locked": {
        "lastModified": 1720000000,
        "narHash": "sha256-0000000000000000000000000000000000000000000000000000=",
        "type": "github",
        "owner": "NixOS",
        "repo": "nixpkgs"
      },
      "original": {
        "type": "github",
        "owner": "NixOS",
        "repo": "nixpkgs"
      }
    },
    "root": {
      "inputs": {
        "nixpkgs": "nixpkgs"
      }
    }
  },
  "root": "root",
  "version": 7
}
