{
    "_readme": ["This file is generated by Composer. Do not edit."],
    "content-hash": "0000000000000000000000000000000000000000000000000000000000000000",
    "packages": [
        {
            "name": "laravel/framework",
            "version": "v11.9.1"
        }
    ],
    "packages-dev": []
}
